
Microsoft Visual Studio Solution File, Format Version 12.00
# Visual Studio Version 17
VisualStudioVersion = 17.6.33829.357
MinimumVisualStudioVersion = 10.0.40219.1
Project("{FAE04EC0-301F-11D3-BF4B-00C04F79EFBC}") = "questão 3", "questão 3\questão 3.csproj", "{D2ACF1EB-3E25-4DE3-B184-0846B02216CA}"
EndProject
Global
	GlobalSection(SolutionConfigurationPlatforms) = preSolution
		Debug|Any CPU = Debug|Any CPU
		Release|Any CPU = Release|Any CPU
	EndGlobalSection
	GlobalSection(ProjectConfigurationPlatforms) = postSolution
		{D2ACF1EB-3E25-4DE3-B184-0846B02216CA}.Debug|Any CPU.ActiveCfg = Debug|Any CPU
		{D2ACF1EB-3E25-4DE3-B184-0846B02216CA}.Debug|Any CPU.Build.0 = Debug|Any CPU
		{D2ACF1EB-3E25-4DE3-B184-0846B02216CA}.Release|Any CPU.ActiveCfg = Release|Any CPU
		{D2ACF1EB-3E25-4DE3-B184-0846B02216CA}.Release|Any CPU.Build.0 = Release|Any CPU
	EndGlobalSection
	GlobalSection(SolutionProperties) = preSolution
		HideSolutionNode = FALSE
	EndGlobalSection
	GlobalSection(ExtensibilityGlobals) = postSolution
		SolutionGuid = {1BEA759D-1B39-482C-9F8B-8B72FF9E9400}
	EndGlobalSection
EndGlobal
